// !$*UTF8*$!
{
	archiveVersion = 1;
	classes = {
	};
	objectVersion = 46;
	objects = {

/* Begin PBXBuildFile section */
		2C0762A494A40FBE77AF2348 /* Pods_WechatArticle.framework in Frameworks */ = {isa = PBXBuildFile; fileRef = 8CD4CAE123AA1EFA3D0C574C /* Pods_WechatArticle.framework */; };
		D92E0DCE1BEF4C9800569DC7 /* AppDelegate.swift in Sources */ = {isa = PBXBuildFile; fileRef = D92E0DCD1BEF4C9800569DC7 /* AppDelegate.swift */; };
		D92E0DD31BEF4C9800569DC7 /* Main.storyboard in Resources */ = {isa = PBXBuildFile; fileRef = D92E0DD11BEF4C9800569DC7 /* Main.storyboard */; };
		D92E0DD51BEF4C9800569DC7 /* Assets.xcassets in Resources */ = {isa = PBXBuildFile; fileRef = D92E0DD41BEF4C9800569DC7 /* Assets.xcassets */; };
		D92E0DD81BEF4C9800569DC7 /* LaunchScreen.storyboard in Resources */ = {isa = PBXBuildFile; fileRef = D92E0DD61BEF4C9800569DC7 /* LaunchScreen.storyboard */; };
		D92E0DE21BEF648900569DC7 /* MenuController.swift in Sources */ = {isa = PBXBuildFile; fileRef = D92E0DE11BEF648900569DC7 /* MenuController.swift */; };
		D92E0DE41BEF649C00569DC7 /* ViewController.swift in Sources */ = {isa = PBXBuildFile; fileRef = D92E0DE31BEF649C00569DC7 /* ViewController.swift */; };
		D92E0DE71BEF6D9400569DC7 /* SlideMenuController.swift in Sources */ = {isa = PBXBuildFile; fileRef = D92E0DE61BEF6D9400569DC7 /* SlideMenuController.swift */; };
		D92E0E281BF1E46900569DC7 /* ReactiveCocoa.framework in Frameworks */ = {isa = PBXBuildFile; fileRef = D92E0E261BF1E46900569DC7 /* ReactiveCocoa.framework */; };
		D92E0E291BF1E46900569DC7 /* Result.framework in Frameworks */ = {isa = PBXBuildFile; fileRef = D92E0E271BF1E46900569DC7 /* Result.framework */; };
		D92E0E2E1BF2025300569DC7 /* Request.swift in Sources */ = {isa = PBXBuildFile; fileRef = D92E0E2D1BF2025300569DC7 /* Request.swift */; };
/* End PBXBuildFile section */

/* Begin PBXFileReference section */
		1EE109E5A0A1E50C600EB3A7 /* Pods-WechatArticle.release.xcconfig */ = {isa = PBXFileReference; includeInIndex = 1; lastKnownFileType = text.xcconfig; name = "Pods-WechatArticle.release.xcconfig"; path = "Pods/Target Support Files/Pods-WechatArticle/Pods-WechatArticle.release.xcconfig"; sourceTree = "<group>"; };
		6F8B06EC530B8CDDBF7EBFF2 /* Pods-WechatArticle.debug.xcconfig */ = {isa = PBXFileReference; includeInIndex = 1; lastKnownFileType = text.xcconfig; name = "Pods-WechatArticle.debug.xcconfig"; path = "Pods/Target Support Files/Pods-WechatArticle/Pods-WechatArticle.debug.xcconfig"; sourceTree = "<group>"; };
		8CD4CAE123AA1EFA3D0C574C /* Pods_WechatArticle.framework */ = {isa = PBXFileReference; explicitFileType = wrapper.framework; includeInIndex = 0; path = Pods_WechatArticle.framework; sourceTree = BUILT_PRODUCTS_DIR; };
		D92E0DCA1BEF4C9800569DC7 /* WechatArticle.app */ = {isa = PBXFileReference; explicitFileType = wrapper.application; includeInIndex = 0; path = WechatArticle.app; sourceTree = BUILT_PRODUCTS_DIR; };
		D92E0DCD1BEF4C9800569DC7 /* AppDelegate.swift */ = {isa = PBXFileReference; lastKnownFileType = sourcecode.swift; path = AppDelegate.swift; sourceTree = "<group>"; };
		D92E0DD21BEF4C9800569DC7 /* Base */ = {isa = PBXFileReference; lastKnownFileType = file.storyboard; name = Base; path = Base.lproj/Main.storyboard; sourceTree = "<group>"; };
		D92E0DD41BEF4C9800569DC7 /* Assets.xcassets */ = {isa = PBXFileReference; lastKnownFileType = folder.assetcatalog; path = Assets.xcassets; sourceTree = "<group>"; };
		D92E0DD71BEF4C9800569DC7 /* Base */ = {isa = PBXFileReference; lastKnownFileType = file.storyboard; name = Base; path = Base.lproj/LaunchScreen.storyboard; sourceTree = "<group>"; };
		D92E0DD91BEF4C9800569DC7 /* Info.plist */ = {isa = PBXFileReference; lastKnownFileType = text.plist.xml; path = Info.plist; sourceTree = "<group>"; };
		D92E0DE11BEF648900569DC7 /* MenuController.swift */ = {isa = PBXFileReference; fileEncoding = 4; lastKnownFileType = sourcecode.swift; path = MenuController.swift; sourceTree = "<group>"; };
		D92E0DE31BEF649C00569DC7 /* ViewController.swift */ = {isa = PBXFileReference; fileEncoding = 4; lastKnownFileType = sourcecode.swift; path = ViewController.swift; sourceTree = "<group>"; };
		D92E0DE61BEF6D9400569DC7 /* SlideMenuController.swift */ = {isa = PBXFileReference; fileEncoding = 4; lastKnownFileType = sourcecode.swift; path = SlideMenuController.swift; sourceTree = "<group>"; };
		D92E0DF81BF1DD5500569DC7 /* libsqlite3.0.tbd */ = {isa = PBXFileReference; lastKnownFileType = "sourcecode.text-based-dylib-definition"; name = libsqlite3.0.tbd; path = usr/lib/libsqlite3.0.tbd; sourceTree = SDKROOT; };
		D92E0DFA1BF1DDA100569DC7 /* libsqlite3.tbd */ = {isa = PBXFileReference; lastKnownFileType = "sourcecode.text-based-dylib-definition"; name = libsqlite3.tbd; path = usr/lib/libsqlite3.tbd; sourceTree = SDKROOT; };
		D92E0E261BF1E46900569DC7 /* ReactiveCocoa.framework */ = {isa = PBXFileReference; lastKnownFileType = wrapper.framework; name = ReactiveCocoa.framework; path = "WechatArticle/Library/ReactiveCocoa/build/Debug-iphoneos/ReactiveCocoa.framework"; sourceTree = "<group>"; };
		D92E0E271BF1E46900569DC7 /* Result.framework */ = {isa = PBXFileReference; lastKnownFileType = wrapper.framework; name = Result.framework; path = "WechatArticle/Library/ReactiveCocoa/Carthage/Checkouts/Result/build/Debug-iphoneos/Result.framework"; sourceTree = "<group>"; };
		D92E0E2D1BF2025300569DC7 /* Request.swift */ = {isa = PBXFileReference; fileEncoding = 4; lastKnownFileType = sourcecode.swift; path = Request.swift; sourceTree = "<group>"; };
/* End PBXFileReference section */

/* Begin PBXFrameworksBuildPhase section */
		D92E0DC71BEF4C9800569DC7 /* Frameworks */ = {
			isa = PBXFrameworksBuildPhase;
			buildActionMask = 2147483647;
			files = (
				D92E0E281BF1E46900569DC7 /* ReactiveCocoa.framework in Frameworks */,
				D92E0E291BF1E46900569DC7 /* Result.framework in Frameworks */,
				2C0762A494A40FBE77AF2348 /* Pods_WechatArticle.framework in Frameworks */,
			);
			runOnlyForDeploymentPostprocessing = 0;
		};
/* End PBXFrameworksBuildPhase section */

/* Begin PBXGroup section */
		657222F08DC2D143C164EE01 /* Pods */ = {
			isa = PBXGroup;
			children = (
				6F8B06EC530B8CDDBF7EBFF2 /* Pods-WechatArticle.debug.xcconfig */,
				1EE109E5A0A1E50C600EB3A7 /* Pods-WechatArticle.release.xcconfig */,
			);
			name = Pods;
			sourceTree = "<group>";
		};
		8D327C367679F0FF7DCF8D57 /* Frameworks */ = {
			isa = PBXGroup;
			children = (
				D92E0E261BF1E46900569DC7 /* ReactiveCocoa.framework */,
				D92E0E271BF1E46900569DC7 /* Result.framework */,
				D92E0DFA1BF1DDA100569DC7 /* libsqlite3.tbd */,
				D92E0DF81BF1DD5500569DC7 /* libsqlite3.0.tbd */,
				8CD4CAE123AA1EFA3D0C574C /* Pods_WechatArticle.framework */,
			);
			name = Frameworks;
			sourceTree = "<group>";
		};
		D92E0DC11BEF4C9800569DC7 = {
			isa = PBXGroup;
			children = (
				D92E0DCC1BEF4C9800569DC7 /* WechatArticle */,
				D92E0DCB1BEF4C9800569DC7 /* Products */,
				657222F08DC2D143C164EE01 /* Pods */,
				8D327C367679F0FF7DCF8D57 /* Frameworks */,
			);
			sourceTree = "<group>";
		};
		D92E0DCB1BEF4C9800569DC7 /* Products */ = {
			isa = PBXGroup;
			children = (
				D92E0DCA1BEF4C9800569DC7 /* WechatArticle.app */,
			);
			name = Products;
			sourceTree = "<group>";
		};
		D92E0DCC1BEF4C9800569DC7 /* WechatArticle */ = {
			isa = PBXGroup;
			children = (
				D92E0E2C1BF2025300569DC7 /* Network */,
				D92E0DE51BEF6D9400569DC7 /* Library */,
				D92E0DDF1BEF645C00569DC7 /* Controller */,
				D92E0DCD1BEF4C9800569DC7 /* AppDelegate.swift */,
				D92E0DD11BEF4C9800569DC7 /* Main.storyboard */,
				D92E0DD41BEF4C9800569DC7 /* Assets.xcassets */,
				D92E0DD61BEF4C9800569DC7 /* LaunchScreen.storyboard */,
				D92E0DD91BEF4C9800569DC7 /* Info.plist */,
			);
			path = WechatArticle;
			sourceTree = "<group>";
		};
		D92E0DDF1BEF645C00569DC7 /* Controller */ = {
			isa = PBXGroup;
			children = (
				D92E0DE01BEF647700569DC7 /* Layout */,
			);
			path = Controller;
			sourceTree = "<group>";
		};
		D92E0DE01BEF647700569DC7 /* Layout */ = {
			isa = PBXGroup;
			children = (
				D92E0DE31BEF649C00569DC7 /* ViewController.swift */,
				D92E0DE11BEF648900569DC7 /* MenuController.swift */,
			);
			path = Layout;
			sourceTree = "<group>";
		};
		D92E0DE51BEF6D9400569DC7 /* Library */ = {
			isa = PBXGroup;
			children = (
				D92E0DE61BEF6D9400569DC7 /* SlideMenuController.swift */,
			);
			path = Library;
			sourceTree = "<group>";
		};
		D92E0E2C1BF2025300569DC7 /* Network */ = {
			isa = PBXGroup;
			children = (
				D92E0E2D1BF2025300569DC7 /* Request.swift */,
			);
			path = Network;
			sourceTree = "<group>";
		};
/* End PBXGroup section */

/* Begin PBXNativeTarget section */
		D92E0DC91BEF4C9800569DC7 /* WechatArticle */ = {
			isa = PBXNativeTarget;
			buildConfigurationList = D92E0DDC1BEF4C9800569DC7 /* Build configuration list for PBXNativeTarget "WechatArticle" */;
			buildPhases = (
				6BE2D86948C5141C635801FF /* Check Pods Manifest.lock */,
				D92E0DC61BEF4C9800569DC7 /* Sources */,
				D92E0DC71BEF4C9800569DC7 /* Frameworks */,
				D92E0DC81BEF4C9800569DC7 /* Resources */,
				2C5031E095FAA4D1F2BF35E4 /* Embed Pods Frameworks */,
				7EFC25AA14341065E46F7C1D /* Copy Pods Resources */,
			);
			buildRules = (
			);
			dependencies = (
			);
			name = WechatArticle;
			productName = WechatArticle;
			productReference = D92E0DCA1BEF4C9800569DC7 /* WechatArticle.app */;
			productType = "com.apple.product-type.application";
		};
/* End PBXNativeTarget section */

/* Begin PBXProject section */
		D92E0DC21BEF4C9800569DC7 /* Project object */ = {
			isa = PBXProject;
			attributes = {
				LastSwiftUpdateCheck = 0710;
				LastUpgradeCheck = 0710;
				ORGANIZATIONNAME = hwh;
				TargetAttributes = {
					D92E0DC91BEF4C9800569DC7 = {
						CreatedOnToolsVersion = 7.1;
					};
				};
			};
			buildConfigurationList = D92E0DC51BEF4C9800569DC7 /* Build configuration list for PBXProject "WechatArticle" */;
			compatibilityVersion = "Xcode 3.2";
			developmentRegion = English;
			hasScannedForEncodings = 0;
			knownRegions = (
				en,
				Base,
			);
			mainGroup = D92E0DC11BEF4C9800569DC7;
			productRefGroup = D92E0DCB1BEF4C9800569DC7 /* Products */;
			projectDirPath = "";
			projectRoot = "";
			targets = (
				D92E0DC91BEF4C9800569DC7 /* WechatArticle */,
			);
		};
/* End PBXProject section */

/* Begin PBXResourcesBuildPhase section */
		D92E0DC81BEF4C9800569DC7 /* Resources */ = {
			isa = PBXResourcesBuildPhase;
			buildActionMask = 2147483647;
			files = (
				D92E0DD81BEF4C9800569DC7 /* LaunchScreen.storyboard in Resources */,
				D92E0DD51BEF4C9800569DC7 /* Assets.xcassets in Resources */,
				D92E0DD31BEF4C9800569DC7 /* Main.storyboard in Resources */,
			);
			runOnlyForDeploymentPostprocessing = 0;
		};
/* End PBXResourcesBuildPhase section */

/* Begin PBXShellScriptBuildPhase section */
		2C5031E095FAA4D1F2BF35E4 /* Embed Pods Frameworks */ = {
			isa = PBXShellScriptBuildPhase;
			buildActionMask = 2147483647;
			files = (
			);
			inputPaths = (
			);
			name = "Embed Pods Frameworks";
			outputPaths = (
			);
			runOnlyForDeploymentPostprocessing = 0;
			shellPath = /bin/sh;
			shellScript = "\"${SRCROOT}/Pods/Target Support Files/Pods-WechatArticle/Pods-WechatArticle-frameworks.sh\"\n";
			showEnvVarsInLog = 0;
		};
		6BE2D86948C5141C635801FF /* Check Pods Manifest.lock */ = {
			isa = PBXShellScriptBuildPhase;
			buildActionMask = 2147483647;
			files = (
			);
			inputPaths = (
			);
			name = "Check Pods Manifest.lock";
			outputPaths = (
			);
			runOnlyForDeploymentPostprocessing = 0;
			shellPath = /bin/sh;
			shellScript = "diff \"${PODS_ROOT}/../Podfile.lock\" \"${PODS_ROOT}/Manifest.lock\" > /dev/null\nif [[ $? != 0 ]] ; then\n    cat << EOM\nerror: The sandbox is not in sync with the Podfile.lock. Run 'pod install' or update your CocoaPods installation.\nEOM\n    exit 1\nfi\n";
			showEnvVarsInLog = 0;
		};
		7EFC25AA14341065E46F7C1D /* Copy Pods Resources */ = {
			isa = PBXShellScriptBuildPhase;
			buildActionMask = 2147483647;
			files = (
			);
			inputPaths = (
			);
			name = "Copy Pods Resources";
			outputPaths = (
			);
			runOnlyForDeploymentPostprocessing = 0;
			shellPath = /bin/sh;
			shellScript = "\"${SRCROOT}/Pods/Target Support Files/Pods-WechatArticle/Pods-WechatArticle-resources.sh\"\n";
			showEnvVarsInLog = 0;
		};
/* End PBXShellScriptBuildPhase section */

/* Begin PBXSourcesBuildPhase section */
		D92E0DC61BEF4C9800569DC7 /* Sources */ = {
			isa = PBXSourcesBuildPhase;
			buildActionMask = 2147483647;
			files = (
				D92E0DE41BEF649C00569DC7 /* ViewController.swift in Sources */,
				D92E0E2E1BF2025300569DC7 /* Request.swift in Sources */,
				D92E0DE21BEF648900569DC7 /* MenuController.swift in Sources */,
				D92E0DE71BEF6D9400569DC7 /* SlideMenuController.swift in Sources */,
				D92E0DCE1BEF4C9800569DC7 /* AppDelegate.swift in Sources */,
			);
			runOnlyForDeploymentPostprocessing = 0;
		};
/* End PBXSourcesBuildPhase section */

/* Begin PBXVariantGroup section */
		D92E0DD11BEF4C9800569DC7 /* Main.storyboard */ = {
			isa = PBXVariantGroup;
			children = (
				D92E0DD21BEF4C9800569DC7 /* Base */,
			);
			name = Main.storyboard;
			sourceTree = "<group>";
		};
		D92E0DD61BEF4C9800569DC7 /* LaunchScreen.storyboard */ = {
			isa = PBXVariantGroup;
			children = (
				D92E0DD71BEF4C9800569DC7 /* Base */,
			);
			name = LaunchScreen.storyboard;
			sourceTree = "<group>";
		};
/* End PBXVariantGroup section */

/* Begin XCBuildConfiguration section */
		D92E0DDA1BEF4C9800569DC7 /* Debug */ = {
			isa = XCBuildConfiguration;
			buildSettings = {
				ALWAYS_SEARCH_USER_PATHS = NO;
				CLANG_CXX_LANGUAGE_STANDARD = "gnu++0x";
				CLANG_CXX_LIBRARY = "libc++";
				CLANG_ENABLE_MODULES = YES;
				CLANG_ENABLE_OBJC_ARC = YES;
				CLANG_WARN_BOOL_CONVERSION = YES;
				CLANG_WARN_CONSTANT_CONVERSION = YES;
				CLANG_WARN_DIRECT_OBJC_ISA_USAGE = YES_ERROR;
				CLANG_WARN_EMPTY_BODY = YES;
				CLANG_WARN_ENUM_CONVERSION = YES;
				CLANG_WARN_INT_CONVERSION = YES;
				CLANG_WARN_OBJC_ROOT_CLASS = YES_ERROR;
				CLANG_WARN_UNREACHABLE_CODE = YES;
				CLANG_WARN__DUPLICATE_METHOD_MATCH = YES;
				"CODE_SIGN_IDENTITY[sdk=iphoneos*]" = "iPhone Developer";
				COPY_PHASE_STRIP = NO;
				DEBUG_INFORMATION_FORMAT = dwarf;
				ENABLE_STRICT_OBJC_MSGSEND = YES;
				ENABLE_TESTABILITY = YES;
				GCC_C_LANGUAGE_STANDARD = gnu99;
				GCC_DYNAMIC_NO_PIC = NO;
				GCC_NO_COMMON_BLOCKS = YES;
				GCC_OPTIMIZATION_LEVEL = 0;
				GCC_PREPROCESSOR_DEFINITIONS = (
					"DEBUG=1",
					"$(inherited)",
				);
				GCC_WARN_64_TO_32_BIT_CONVERSION = YES;
				GCC_WARN_ABOUT_RETURN_TYPE = YES_ERROR;
				GCC_WARN_UNDECLARED_SELECTOR = YES;
				GCC_WARN_UNINITIALIZED_AUTOS = YES_AGGRESSIVE;
				GCC_WARN_UNUSED_FUNCTION = YES;
				GCC_WARN_UNUSED_VARIABLE = YES;
				IPHONEOS_DEPLOYMENT_TARGET = 9.1;
				MTL_ENABLE_DEBUG_INFO = YES;
				ONLY_ACTIVE_ARCH = YES;
				SDKROOT = iphoneos;
				SWIFT_OPTIMIZATION_LEVEL = "-Onone";
			};
			name = Debug;
		};
		D92E0DDB1BEF4C9800569DC7 /* Release */ = {
			isa = XCBuildConfiguration;
			buildSettings = {
				ALWAYS_SEARCH_USER_PATHS = NO;
				CLANG_CXX_LANGUAGE_STANDARD = "gnu++0x";
				CLANG_CXX_LIBRARY = "libc++";
				CLANG_ENABLE_MODULES = YES;
				CLANG_ENABLE_OBJC_ARC = YES;
				CLANG_WARN_BOOL_CONVERSION = YES;
				CLANG_WARN_CONSTANT_CONVERSION = YES;
				CLANG_WARN_DIRECT_OBJC_ISA_USAGE = YES_ERROR;
				CLANG_WARN_EMPTY_BODY = YES;
				CLANG_WARN_ENUM_CONVERSION = YES;
				CLANG_WARN_INT_CONVERSION = YES;
				CLANG_WARN_OBJC_ROOT_CLASS = YES_ERROR;
				CLANG_WARN_UNREACHABLE_CODE = YES;
				CLANG_WARN__DUPLICATE_METHOD_MATCH = YES;
				"CODE_SIGN_IDENTITY[sdk=iphoneos*]" = "iPhone Developer";
				COPY_PHASE_STRIP = NO;
				DEBUG_INFORMATION_FORMAT = "dwarf-with-dsym";
				ENABLE_NS_ASSERTIONS = NO;
				ENABLE_STRICT_OBJC_MSGSEND = YES;
				GCC_C_LANGUAGE_STANDARD = gnu99;
				GCC_NO_COMMON_BLOCKS = YES;
				GCC_WARN_64_TO_32_BIT_CONVERSION = YES;
				GCC_WARN_ABOUT_RETURN_TYPE = YES_ERROR;
				GCC_WARN_UNDECLARED_SELECTOR = YES;
				GCC_WARN_UNINITIALIZED_AUTOS = YES_AGGRESSIVE;
				GCC_WARN_UNUSED_FUNCTION = YES;
				GCC_WARN_UNUSED_VARIABLE = YES;
				IPHONEOS_DEPLOYMENT_TARGET = 9.1;
				MTL_ENABLE_DEBUG_INFO = NO;
				SDKROOT = iphoneos;
				VALIDATE_PRODUCT = YES;
			};
			name = Release;
		};
		D92E0DDD1BEF4C9800569DC7 /* Debug */ = {
			isa = XCBuildConfiguration;
			baseConfigurationReference = 6F8B06EC530B8CDDBF7EBFF2 /* Pods-WechatArticle.debug.xcconfig */;
			buildSettings = {
				ASSETCATALOG_COMPILER_APPICON_NAME = AppIcon;
				FRAMEWORK_SEARCH_PATHS = (
					"$(inherited)",
					"$(PROJECT_DIR)/WechatArticle/Library/ReactiveCocoa/build/Debug-iphoneos",
					"$(PROJECT_DIR)/WechatArticle/Library/ReactiveCocoa/Carthage/Checkouts/Result/build/Debug-iphoneos",
				);
				INFOPLIST_FILE = WechatArticle/Info.plist;
				LD_RUNPATH_SEARCH_PATHS = "$(inherited) @executable_path/Frameworks";
				OTHER_SWIFT_FLAGS = "$(inherited) \"-D\" \"COCOAPODS\" -D DEBUG";
				PRODUCT_BUNDLE_IDENTIFIER = hwh.WechatArticle;
				PRODUCT_NAME = "$(TARGET_NAME)";
			};
			name = Debug;
		};
		D92E0DDE1BEF4C9800569DC7 /* Release */ = {
			isa = XCBuildConfiguration;
			baseConfigurationReference = 1EE109E5A0A1E50C600EB3A7 /* Pods-WechatArticle.release.xcconfig */;
			buildSettings = {
				ASSETCATALOG_COMPILER_APPICON_NAME = AppIcon;
				FRAMEWORK_SEARCH_PATHS = (
					"$(inherited)",
					"$(PROJECT_DIR)/WechatArticle/Library/ReactiveCocoa/build/Debug-iphoneos",
					"$(PROJECT_DIR)/WechatArticle/Library/ReactiveCocoa/Carthage/Checkouts/Result/build/Debug-iphoneos",
				);
				INFOPLIST_FILE = WechatArticle/Info.plist;
				LD_RUNPATH_SEARCH_PATHS = "$(inherited) @executable_path/Frameworks";
				OTHER_SWIFT_FLAGS = "$(inherited) \"-D\" \"COCOAPODS\" -D DEBUG";
				PRODUCT_BUNDLE_IDENTIFIER = hwh.WechatArticle;
				PRODUCT_NAME = "$(TARGET_NAME)";
			};
			name = Release;
		};
/* End XCBuildConfiguration section */

/* Begin XCConfigurationList section */
		D92E0DC51BEF4C9800569DC7 /* Build configuration list for PBXProject "WechatArticle" */ = {
			isa = XCConfigurationList;
			buildConfigurations = (
				D92E0DDA1BEF4C9800569DC7 /* Debug */,
				D92E0DDB1BEF4C9800569DC7 /* Release */,
			);
			defaultConfigurationIsVisible = 0;
			defaultConfigurationName = Release;
		};
		D92E0DDC1BEF4C9800569DC7 /* Build configuration list for PBXNativeTarget "WechatArticle" */ = {
			isa = XCConfigurationList;
			buildConfigurations = (
				D92E0DDD1BEF4C9800569DC7 /* Debug */,
				D92E0DDE1BEF4C9800569DC7 /* Release */,
			);
			defaultConfigurationIsVisible = 0;
			defaultConfigurationName = Release;
		};
/* End XCConfigurationList section */
	};
	rootObject = D92E0DC21BEF4C9800569DC7 /* Project object */;
}
