// !$*UTF8*$!
{
	archiveVersion = 1;
	classes = {
	};
	objectVersion = 46;
	objects = {

/* Begin PBXBuildFile section */
		BAEFE1429051CEA8D2EC5689 /* Pods_WechatArticle.framework in Frameworks */ = {isa = PBXBuildFile; fileRef = 0152EBD697E91F5F41FB520C /* Pods_WechatArticle.framework */; };
		D92E0DCE1BEF4C9800569DC7 /* AppDelegate.swift in Sources */ = {isa = PBXBuildFile; fileRef = D92E0DCD1BEF4C9800569DC7 /* AppDelegate.swift */; };
		D92E0DD31BEF4C9800569DC7 /* Main.storyboard in Resources */ = {isa = PBXBuildFile; fileRef = D92E0DD11BEF4C9800569DC7 /* Main.storyboard */; };
		D92E0DD51BEF4C9800569DC7 /* Assets.xcassets in Resources */ = {isa = PBXBuildFile; fileRef = D92E0DD41BEF4C9800569DC7 /* Assets.xcassets */; };
		D92E0DD81BEF4C9800569DC7 /* LaunchScreen.storyboard in Resources */ = {isa = PBXBuildFile; fileRef = D92E0DD61BEF4C9800569DC7 /* LaunchScreen.storyboard */; };
		D92E0DE21BEF648900569DC7 /* MenuController.swift in Sources */ = {isa = PBXBuildFile; fileRef = D92E0DE11BEF648900569DC7 /* MenuController.swift */; };
		D92E0DE41BEF649C00569DC7 /* ViewController.swift in Sources */ = {isa = PBXBuildFile; fileRef = D92E0DE31BEF649C00569DC7 /* ViewController.swift */; };
		D92E0DE71BEF6D9400569DC7 /* SlideMenuController.swift in Sources */ = {isa = PBXBuildFile; fileRef = D92E0DE61BEF6D9400569DC7 /* SlideMenuController.swift */; };
		D92E0E2E1BF2025300569DC7 /* Request.swift in Sources */ = {isa = PBXBuildFile; fileRef = D92E0E2D1BF2025300569DC7 /* Request.swift */; };
		D92E0E301BF3392500569DC7 /* HotRequest.swift in Sources */ = {isa = PBXBuildFile; fileRef = D92E0E2F1BF3392500569DC7 /* HotRequest.swift */; };
		D92E0E331BF33F0A00569DC7 /* HotViewModel.swift in Sources */ = {isa = PBXBuildFile; fileRef = D92E0E321BF33F0A00569DC7 /* HotViewModel.swift */; };
		D95C23E91BF9E82200A1F892 /* ArrayEx.swift in Sources */ = {isa = PBXBuildFile; fileRef = D95C23DB1BF9E82200A1F892 /* ArrayEx.swift */; };
		D95C23EA1BF9E82200A1F892 /* CGPointEx.swift in Sources */ = {isa = PBXBuildFile; fileRef = D95C23DC1BF9E82200A1F892 /* CGPointEx.swift */; };
		D95C23EB1BF9E82200A1F892 /* CGRectEx.swift in Sources */ = {isa = PBXBuildFile; fileRef = D95C23DD1BF9E82200A1F892 /* CGRectEx.swift */; };
		D95C23EC1BF9E82200A1F892 /* CircularGradientLayer.swift in Sources */ = {isa = PBXBuildFile; fileRef = D95C23DE1BF9E82200A1F892 /* CircularGradientLayer.swift */; };
		D95C23ED1BF9E82200A1F892 /* LiquidCircleEffect.swift in Sources */ = {isa = PBXBuildFile; fileRef = D95C23DF1BF9E82200A1F892 /* LiquidCircleEffect.swift */; };
		D95C23EE1BF9E82200A1F892 /* LiquidLineEffect.swift in Sources */ = {isa = PBXBuildFile; fileRef = D95C23E01BF9E82200A1F892 /* LiquidLineEffect.swift */; };
		D95C23EF1BF9E82200A1F892 /* LiquidLoadEffect.swift in Sources */ = {isa = PBXBuildFile; fileRef = D95C23E11BF9E82200A1F892 /* LiquidLoadEffect.swift */; };
		D95C23F01BF9E82200A1F892 /* LiquidLoader.swift in Sources */ = {isa = PBXBuildFile; fileRef = D95C23E21BF9E82200A1F892 /* LiquidLoader.swift */; };
		D95C23F11BF9E82200A1F892 /* LiquidUtil.swift in Sources */ = {isa = PBXBuildFile; fileRef = D95C23E31BF9E82200A1F892 /* LiquidUtil.swift */; };
		D95C23F21BF9E82200A1F892 /* LiquittableCircle.swift in Sources */ = {isa = PBXBuildFile; fileRef = D95C23E41BF9E82200A1F892 /* LiquittableCircle.swift */; };
		D95C23F31BF9E82200A1F892 /* SimpleCircleLiquidEngine.swift in Sources */ = {isa = PBXBuildFile; fileRef = D95C23E51BF9E82200A1F892 /* SimpleCircleLiquidEngine.swift */; };
		D95C23F41BF9E82200A1F892 /* UIColorEx.swift in Sources */ = {isa = PBXBuildFile; fileRef = D95C23E61BF9E82200A1F892 /* UIColorEx.swift */; };
		D95C23F51BF9E82200A1F892 /* UIView+Grow.swift in Sources */ = {isa = PBXBuildFile; fileRef = D95C23E71BF9E82200A1F892 /* UIView+Grow.swift */; };
		D95C23F81BF9F61500A1F892 /* HUD+UIViewController.swift in Sources */ = {isa = PBXBuildFile; fileRef = D95C23F71BF9F61500A1F892 /* HUD+UIViewController.swift */; };
		D95C23FA1BFA0D6500A1F892 /* Entitlements.plist in Resources */ = {isa = PBXBuildFile; fileRef = D95C23F91BFA0D6500A1F892 /* Entitlements.plist */; };
		D95C23FC1BFAD65E00A1F892 /* Cus+UIColor.swift in Sources */ = {isa = PBXBuildFile; fileRef = D95C23FB1BFAD65E00A1F892 /* Cus+UIColor.swift */; };
		D95C23FE1BFADF3100A1F892 /* Cus+UIImageView.swift in Sources */ = {isa = PBXBuildFile; fileRef = D95C23FD1BFADF3100A1F892 /* Cus+UIImageView.swift */; };
		D95C24011BFAE86A00A1F892 /* SettingController.swift in Sources */ = {isa = PBXBuildFile; fileRef = D95C24001BFAE86A00A1F892 /* SettingController.swift */; };
		D95C24041BFB24B900A1F892 /* ArticleListCell.swift in Sources */ = {isa = PBXBuildFile; fileRef = D95C24031BFB24B900A1F892 /* ArticleListCell.swift */; };
		D95C24571BFB3F6500A1F892 /* CoreText.framework in Frameworks */ = {isa = PBXBuildFile; fileRef = D95C24561BFB3F6500A1F892 /* CoreText.framework */; };
		D95C24651BFC2AA900A1F892 /* GameKit.framework in Frameworks */ = {isa = PBXBuildFile; fileRef = D95C24641BFC2AA900A1F892 /* GameKit.framework */; };
		D95C24671BFC2ABF00A1F892 /* StoreKit.framework in Frameworks */ = {isa = PBXBuildFile; fileRef = D95C24661BFC2ABF00A1F892 /* StoreKit.framework */; };
		D99AFC781BFC571000CA6FA2 /* HadRead.swift in Sources */ = {isa = PBXBuildFile; fileRef = D99AFC771BFC571000CA6FA2 /* HadRead.swift */; };
		D99AFC921BFC58FC00CA6FA2 /* libsqlite3.tbd in Frameworks */ = {isa = PBXBuildFile; fileRef = D95C245C1BFB3F8600A1F892 /* libsqlite3.tbd */; };
		D99AFC941BFC6A5C00CA6FA2 /* WechatArticle.sqlite3 in Resources */ = {isa = PBXBuildFile; fileRef = D99AFC931BFC6A5C00CA6FA2 /* WechatArticle.sqlite3 */; };
		D99AFC991BFC74BB00CA6FA2 /* SQLiteDB.swift in Sources */ = {isa = PBXBuildFile; fileRef = D99AFC971BFC74BB00CA6FA2 /* SQLiteDB.swift */; };
		D99AFC9A1BFC74BB00CA6FA2 /* SQLTable.swift in Sources */ = {isa = PBXBuildFile; fileRef = D99AFC981BFC74BB00CA6FA2 /* SQLTable.swift */; };
		D99AFC9C1BFC751600CA6FA2 /* String-Extras.swift in Sources */ = {isa = PBXBuildFile; fileRef = D99AFC9B1BFC751600CA6FA2 /* String-Extras.swift */; };
		D99AFC9E1BFC76E100CA6FA2 /* Cus+NSDate.swift in Sources */ = {isa = PBXBuildFile; fileRef = D99AFC9D1BFC76E100CA6FA2 /* Cus+NSDate.swift */; };
		D99AFCA01BFC994C00CA6FA2 /* LoginController.swift in Sources */ = {isa = PBXBuildFile; fileRef = D99AFC9F1BFC994C00CA6FA2 /* LoginController.swift */; };
		D99AFCA21BFCA5C100CA6FA2 /* SwiftCountdownButton.swift in Sources */ = {isa = PBXBuildFile; fileRef = D99AFCA11BFCA5C100CA6FA2 /* SwiftCountdownButton.swift */; };
		D9ACFDE11BF4680E00775A6D /* Tool.swift in Sources */ = {isa = PBXBuildFile; fileRef = D9ACFDE01BF4680E00775A6D /* Tool.swift */; };
		D9ACFDE41BF46E5500775A6D /* HotController.swift in Sources */ = {isa = PBXBuildFile; fileRef = D9ACFDE31BF46E5500775A6D /* HotController.swift */; };
		D9ACFDED1BF4851400775A6D /* CatogariesController.swift in Sources */ = {isa = PBXBuildFile; fileRef = D9ACFDEC1BF4851400775A6D /* CatogariesController.swift */; };
		D9B1E75E1BF4A80100B420FE /* PresentTransiton.swift in Sources */ = {isa = PBXBuildFile; fileRef = D9B1E75D1BF4A80100B420FE /* PresentTransiton.swift */; };
		D9B1E7611BF59BC700B420FE /* ArticleController.swift in Sources */ = {isa = PBXBuildFile; fileRef = D9B1E7601BF59BC700B420FE /* ArticleController.swift */; };
		D9B1E7631BF5BA3D00B420FE /* ArticleListController.swift in Sources */ = {isa = PBXBuildFile; fileRef = D9B1E7621BF5BA3D00B420FE /* ArticleListController.swift */; };
		D9B1E7651BF5BC6C00B420FE /* ArticleListRequest.swift in Sources */ = {isa = PBXBuildFile; fileRef = D9B1E7641BF5BC6C00B420FE /* ArticleListRequest.swift */; };
		D9B1E7691BF603C300B420FE /* HotCategoryController.swift in Sources */ = {isa = PBXBuildFile; fileRef = D9B1E7681BF603C300B420FE /* HotCategoryController.swift */; };
		D9B1E76D1BF9869B00B420FE /* Fabric.framework in Frameworks */ = {isa = PBXBuildFile; fileRef = D9B1E76B1BF9869B00B420FE /* Fabric.framework */; };
		D9B1E76E1BF9869B00B420FE /* Crashlytics.framework in Frameworks */ = {isa = PBXBuildFile; fileRef = D9B1E76C1BF9869B00B420FE /* Crashlytics.framework */; };
/* End PBXBuildFile section */

/* Begin PBXFileReference section */
		0152EBD697E91F5F41FB520C /* Pods_WechatArticle.framework */ = {isa = PBXFileReference; explicitFileType = wrapper.framework; includeInIndex = 0; path = Pods_WechatArticle.framework; sourceTree = BUILT_PRODUCTS_DIR; };
		1EE109E5A0A1E50C600EB3A7 /* Pods-WechatArticle.release.xcconfig */ = {isa = PBXFileReference; includeInIndex = 1; lastKnownFileType = text.xcconfig; name = "Pods-WechatArticle.release.xcconfig"; path = "Pods/Target Support Files/Pods-WechatArticle/Pods-WechatArticle.release.xcconfig"; sourceTree = "<group>"; };
		6F8B06EC530B8CDDBF7EBFF2 /* Pods-WechatArticle.debug.xcconfig */ = {isa = PBXFileReference; includeInIndex = 1; lastKnownFileType = text.xcconfig; name = "Pods-WechatArticle.debug.xcconfig"; path = "Pods/Target Support Files/Pods-WechatArticle/Pods-WechatArticle.debug.xcconfig"; sourceTree = "<group>"; };
		D92E0DCA1BEF4C9800569DC7 /* WechatArticle.app */ = {isa = PBXFileReference; explicitFileType = wrapper.application; includeInIndex = 0; path = WechatArticle.app; sourceTree = BUILT_PRODUCTS_DIR; };
		D92E0DCD1BEF4C9800569DC7 /* AppDelegate.swift */ = {isa = PBXFileReference; lastKnownFileType = sourcecode.swift; path = AppDelegate.swift; sourceTree = "<group>"; };
		D92E0DD21BEF4C9800569DC7 /* Base */ = {isa = PBXFileReference; lastKnownFileType = file.storyboard; name = Base; path = Base.lproj/Main.storyboard; sourceTree = "<group>"; };
		D92E0DD41BEF4C9800569DC7 /* Assets.xcassets */ = {isa = PBXFileReference; lastKnownFileType = folder.assetcatalog; path = Assets.xcassets; sourceTree = "<group>"; };
		D92E0DD71BEF4C9800569DC7 /* Base */ = {isa = PBXFileReference; lastKnownFileType = file.storyboard; name = Base; path = Base.lproj/LaunchScreen.storyboard; sourceTree = "<group>"; };
		D92E0DD91BEF4C9800569DC7 /* Info.plist */ = {isa = PBXFileReference; lastKnownFileType = text.plist.xml; path = Info.plist; sourceTree = "<group>"; };
		D92E0DE11BEF648900569DC7 /* MenuController.swift */ = {isa = PBXFileReference; fileEncoding = 4; lastKnownFileType = sourcecode.swift; path = MenuController.swift; sourceTree = "<group>"; };
		D92E0DE31BEF649C00569DC7 /* ViewController.swift */ = {isa = PBXFileReference; fileEncoding = 4; lastKnownFileType = sourcecode.swift; path = ViewController.swift; sourceTree = "<group>"; };
		D92E0DE61BEF6D9400569DC7 /* SlideMenuController.swift */ = {isa = PBXFileReference; fileEncoding = 4; lastKnownFileType = sourcecode.swift; path = SlideMenuController.swift; sourceTree = "<group>"; };
		D92E0E2D1BF2025300569DC7 /* Request.swift */ = {isa = PBXFileReference; fileEncoding = 4; lastKnownFileType = sourcecode.swift; path = Request.swift; sourceTree = "<group>"; };
		D92E0E2F1BF3392500569DC7 /* HotRequest.swift */ = {isa = PBXFileReference; fileEncoding = 4; lastKnownFileType = sourcecode.swift; path = HotRequest.swift; sourceTree = "<group>"; };
		D92E0E321BF33F0A00569DC7 /* HotViewModel.swift */ = {isa = PBXFileReference; fileEncoding = 4; lastKnownFileType = sourcecode.swift; path = HotViewModel.swift; sourceTree = "<group>"; };
		D95C23DB1BF9E82200A1F892 /* ArrayEx.swift */ = {isa = PBXFileReference; fileEncoding = 4; lastKnownFileType = sourcecode.swift; path = ArrayEx.swift; sourceTree = "<group>"; };
		D95C23DC1BF9E82200A1F892 /* CGPointEx.swift */ = {isa = PBXFileReference; fileEncoding = 4; lastKnownFileType = sourcecode.swift; path = CGPointEx.swift; sourceTree = "<group>"; };
		D95C23DD1BF9E82200A1F892 /* CGRectEx.swift */ = {isa = PBXFileReference; fileEncoding = 4; lastKnownFileType = sourcecode.swift; path = CGRectEx.swift; sourceTree = "<group>"; };
		D95C23DE1BF9E82200A1F892 /* CircularGradientLayer.swift */ = {isa = PBXFileReference; fileEncoding = 4; lastKnownFileType = sourcecode.swift; path = CircularGradientLayer.swift; sourceTree = "<group>"; };
		D95C23DF1BF9E82200A1F892 /* LiquidCircleEffect.swift */ = {isa = PBXFileReference; fileEncoding = 4; lastKnownFileType = sourcecode.swift; path = LiquidCircleEffect.swift; sourceTree = "<group>"; };
		D95C23E01BF9E82200A1F892 /* LiquidLineEffect.swift */ = {isa = PBXFileReference; fileEncoding = 4; lastKnownFileType = sourcecode.swift; path = LiquidLineEffect.swift; sourceTree = "<group>"; };
		D95C23E11BF9E82200A1F892 /* LiquidLoadEffect.swift */ = {isa = PBXFileReference; fileEncoding = 4; lastKnownFileType = sourcecode.swift; path = LiquidLoadEffect.swift; sourceTree = "<group>"; };
		D95C23E21BF9E82200A1F892 /* LiquidLoader.swift */ = {isa = PBXFileReference; fileEncoding = 4; lastKnownFileType = sourcecode.swift; path = LiquidLoader.swift; sourceTree = "<group>"; };
		D95C23E31BF9E82200A1F892 /* LiquidUtil.swift */ = {isa = PBXFileReference; fileEncoding = 4; lastKnownFileType = sourcecode.swift; path = LiquidUtil.swift; sourceTree = "<group>"; };
		D95C23E41BF9E82200A1F892 /* LiquittableCircle.swift */ = {isa = PBXFileReference; fileEncoding = 4; lastKnownFileType = sourcecode.swift; path = LiquittableCircle.swift; sourceTree = "<group>"; };
		D95C23E51BF9E82200A1F892 /* SimpleCircleLiquidEngine.swift */ = {isa = PBXFileReference; fileEncoding = 4; lastKnownFileType = sourcecode.swift; path = SimpleCircleLiquidEngine.swift; sourceTree = "<group>"; };
		D95C23E61BF9E82200A1F892 /* UIColorEx.swift */ = {isa = PBXFileReference; fileEncoding = 4; lastKnownFileType = sourcecode.swift; path = UIColorEx.swift; sourceTree = "<group>"; };
		D95C23E71BF9E82200A1F892 /* UIView+Grow.swift */ = {isa = PBXFileReference; fileEncoding = 4; lastKnownFileType = sourcecode.swift; path = "UIView+Grow.swift"; sourceTree = "<group>"; };
		D95C23F71BF9F61500A1F892 /* HUD+UIViewController.swift */ = {isa = PBXFileReference; fileEncoding = 4; lastKnownFileType = sourcecode.swift; path = "HUD+UIViewController.swift"; sourceTree = "<group>"; };
		D95C23F91BFA0D6500A1F892 /* Entitlements.plist */ = {isa = PBXFileReference; fileEncoding = 4; lastKnownFileType = text.plist.xml; path = Entitlements.plist; sourceTree = "<group>"; };
		D95C23FB1BFAD65E00A1F892 /* Cus+UIColor.swift */ = {isa = PBXFileReference; fileEncoding = 4; lastKnownFileType = sourcecode.swift; path = "Cus+UIColor.swift"; sourceTree = "<group>"; };
		D95C23FD1BFADF3100A1F892 /* Cus+UIImageView.swift */ = {isa = PBXFileReference; fileEncoding = 4; lastKnownFileType = sourcecode.swift; path = "Cus+UIImageView.swift"; sourceTree = "<group>"; };
		D95C24001BFAE86A00A1F892 /* SettingController.swift */ = {isa = PBXFileReference; fileEncoding = 4; lastKnownFileType = sourcecode.swift; path = SettingController.swift; sourceTree = "<group>"; };
		D95C24031BFB24B900A1F892 /* ArticleListCell.swift */ = {isa = PBXFileReference; fileEncoding = 4; lastKnownFileType = sourcecode.swift; path = ArticleListCell.swift; sourceTree = "<group>"; };
		D95C24461BFB3F2400A1F892 /* SystemConfiguration.framework */ = {isa = PBXFileReference; lastKnownFileType = wrapper.framework; name = SystemConfiguration.framework; path = System/Library/Frameworks/SystemConfiguration.framework; sourceTree = SDKROOT; };
		D95C24481BFB3F2C00A1F892 /* QuartzCore.framework */ = {isa = PBXFileReference; lastKnownFileType = wrapper.framework; name = QuartzCore.framework; path = System/Library/Frameworks/QuartzCore.framework; sourceTree = SDKROOT; };
		D95C244A1BFB3F3600A1F892 /* CoreTelephony.framework */ = {isa = PBXFileReference; lastKnownFileType = wrapper.framework; name = CoreTelephony.framework; path = System/Library/Frameworks/CoreTelephony.framework; sourceTree = SDKROOT; };
		D95C244C1BFB3F4100A1F892 /* libicucore.tbd */ = {isa = PBXFileReference; lastKnownFileType = "sourcecode.text-based-dylib-definition"; name = libicucore.tbd; path = usr/lib/libicucore.tbd; sourceTree = SDKROOT; };
		D95C244E1BFB3F4C00A1F892 /* libz.1.2.5.tbd */ = {isa = PBXFileReference; lastKnownFileType = "sourcecode.text-based-dylib-definition"; name = libz.1.2.5.tbd; path = usr/lib/libz.1.2.5.tbd; sourceTree = SDKROOT; };
		D95C24501BFB3F5200A1F892 /* Security.framework */ = {isa = PBXFileReference; lastKnownFileType = wrapper.framework; name = Security.framework; path = System/Library/Frameworks/Security.framework; sourceTree = SDKROOT; };
		D95C24521BFB3F5800A1F892 /* JavaScriptCore.framework */ = {isa = PBXFileReference; lastKnownFileType = wrapper.framework; name = JavaScriptCore.framework; path = System/Library/Frameworks/JavaScriptCore.framework; sourceTree = SDKROOT; };
		D95C24541BFB3F5F00A1F892 /* libstdc++.tbd */ = {isa = PBXFileReference; lastKnownFileType = "sourcecode.text-based-dylib-definition"; name = "libstdc++.tbd"; path = "usr/lib/libstdc++.tbd"; sourceTree = SDKROOT; };
		D95C24561BFB3F6500A1F892 /* CoreText.framework */ = {isa = PBXFileReference; lastKnownFileType = wrapper.framework; name = CoreText.framework; path = System/Library/Frameworks/CoreText.framework; sourceTree = SDKROOT; };
		D95C24581BFB3F7A00A1F892 /* ImageIO.framework */ = {isa = PBXFileReference; lastKnownFileType = wrapper.framework; name = ImageIO.framework; path = System/Library/Frameworks/ImageIO.framework; sourceTree = SDKROOT; };
		D95C245A1BFB3F7F00A1F892 /* AdSupport.framework */ = {isa = PBXFileReference; lastKnownFileType = wrapper.framework; name = AdSupport.framework; path = System/Library/Frameworks/AdSupport.framework; sourceTree = SDKROOT; };
		D95C245C1BFB3F8600A1F892 /* libsqlite3.tbd */ = {isa = PBXFileReference; lastKnownFileType = "sourcecode.text-based-dylib-definition"; name = libsqlite3.tbd; path = usr/lib/libsqlite3.tbd; sourceTree = SDKROOT; };
		D95C245E1BFB3F8D00A1F892 /* MessageUI.framework */ = {isa = PBXFileReference; lastKnownFileType = wrapper.framework; name = MessageUI.framework; path = System/Library/Frameworks/MessageUI.framework; sourceTree = SDKROOT; };
		D95C24601BFB408300A1F892 /* WechatArticle-Bridging-Header.h */ = {isa = PBXFileReference; lastKnownFileType = sourcecode.c.h; path = "WechatArticle-Bridging-Header.h"; sourceTree = "<group>"; };
		D95C24641BFC2AA900A1F892 /* GameKit.framework */ = {isa = PBXFileReference; lastKnownFileType = wrapper.framework; name = GameKit.framework; path = System/Library/Frameworks/GameKit.framework; sourceTree = SDKROOT; };
		D95C24661BFC2ABF00A1F892 /* StoreKit.framework */ = {isa = PBXFileReference; lastKnownFileType = wrapper.framework; name = StoreKit.framework; path = System/Library/Frameworks/StoreKit.framework; sourceTree = SDKROOT; };
		D99AFC771BFC571000CA6FA2 /* HadRead.swift */ = {isa = PBXFileReference; fileEncoding = 4; lastKnownFileType = sourcecode.swift; path = HadRead.swift; sourceTree = "<group>"; };
		D99AFC931BFC6A5C00CA6FA2 /* WechatArticle.sqlite3 */ = {isa = PBXFileReference; lastKnownFileType = file; path = WechatArticle.sqlite3; sourceTree = "<group>"; };
		D99AFC971BFC74BB00CA6FA2 /* SQLiteDB.swift */ = {isa = PBXFileReference; fileEncoding = 4; lastKnownFileType = sourcecode.swift; path = SQLiteDB.swift; sourceTree = "<group>"; };
		D99AFC981BFC74BB00CA6FA2 /* SQLTable.swift */ = {isa = PBXFileReference; fileEncoding = 4; lastKnownFileType = sourcecode.swift; path = SQLTable.swift; sourceTree = "<group>"; };
		D99AFC9B1BFC751600CA6FA2 /* String-Extras.swift */ = {isa = PBXFileReference; fileEncoding = 4; lastKnownFileType = sourcecode.swift; path = "String-Extras.swift"; sourceTree = "<group>"; };
		D99AFC9D1BFC76E100CA6FA2 /* Cus+NSDate.swift */ = {isa = PBXFileReference; fileEncoding = 4; lastKnownFileType = sourcecode.swift; path = "Cus+NSDate.swift"; sourceTree = "<group>"; };
		D99AFC9F1BFC994C00CA6FA2 /* LoginController.swift */ = {isa = PBXFileReference; fileEncoding = 4; lastKnownFileType = sourcecode.swift; path = LoginController.swift; sourceTree = "<group>"; };
		D99AFCA11BFCA5C100CA6FA2 /* SwiftCountdownButton.swift */ = {isa = PBXFileReference; fileEncoding = 4; lastKnownFileType = sourcecode.swift; path = SwiftCountdownButton.swift; sourceTree = "<group>"; };
		D9ACFDE01BF4680E00775A6D /* Tool.swift */ = {isa = PBXFileReference; fileEncoding = 4; lastKnownFileType = sourcecode.swift; path = Tool.swift; sourceTree = "<group>"; };
		D9ACFDE31BF46E5500775A6D /* HotController.swift */ = {isa = PBXFileReference; fileEncoding = 4; lastKnownFileType = sourcecode.swift; path = HotController.swift; sourceTree = "<group>"; };
		D9ACFDEA1BF4774A00775A6D /* SentyMARUKO-Elementary.ttf */ = {isa = PBXFileReference; lastKnownFileType = file; path = "SentyMARUKO-Elementary.ttf"; sourceTree = "<group>"; };
		D9ACFDEC1BF4851400775A6D /* CatogariesController.swift */ = {isa = PBXFileReference; fileEncoding = 4; lastKnownFileType = sourcecode.swift; path = CatogariesController.swift; sourceTree = "<group>"; };
		D9B1E75D1BF4A80100B420FE /* PresentTransiton.swift */ = {isa = PBXFileReference; fileEncoding = 4; lastKnownFileType = sourcecode.swift; path = PresentTransiton.swift; sourceTree = "<group>"; };
		D9B1E7601BF59BC700B420FE /* ArticleController.swift */ = {isa = PBXFileReference; fileEncoding = 4; lastKnownFileType = sourcecode.swift; path = ArticleController.swift; sourceTree = "<group>"; };
		D9B1E7621BF5BA3D00B420FE /* ArticleListController.swift */ = {isa = PBXFileReference; fileEncoding = 4; lastKnownFileType = sourcecode.swift; path = ArticleListController.swift; sourceTree = "<group>"; };
		D9B1E7641BF5BC6C00B420FE /* ArticleListRequest.swift */ = {isa = PBXFileReference; fileEncoding = 4; lastKnownFileType = sourcecode.swift; path = ArticleListRequest.swift; sourceTree = "<group>"; };
		D9B1E7681BF603C300B420FE /* HotCategoryController.swift */ = {isa = PBXFileReference; fileEncoding = 4; lastKnownFileType = sourcecode.swift; path = HotCategoryController.swift; sourceTree = "<group>"; };
		D9B1E76B1BF9869B00B420FE /* Fabric.framework */ = {isa = PBXFileReference; lastKnownFileType = wrapper.framework; path = Fabric.framework; sourceTree = "<group>"; };
		D9B1E76C1BF9869B00B420FE /* Crashlytics.framework */ = {isa = PBXFileReference; lastKnownFileType = wrapper.framework; path = Crashlytics.framework; sourceTree = "<group>"; };
/* End PBXFileReference section */

/* Begin PBXFrameworksBuildPhase section */
		D92E0DC71BEF4C9800569DC7 /* Frameworks */ = {
			isa = PBXFrameworksBuildPhase;
			buildActionMask = 2147483647;
			files = (
				D99AFC921BFC58FC00CA6FA2 /* libsqlite3.tbd in Frameworks */,
				D95C24571BFB3F6500A1F892 /* CoreText.framework in Frameworks */,
				D95C24671BFC2ABF00A1F892 /* StoreKit.framework in Frameworks */,
				D95C24651BFC2AA900A1F892 /* GameKit.framework in Frameworks */,
				BAEFE1429051CEA8D2EC5689 /* Pods_WechatArticle.framework in Frameworks */,
				D9B1E76E1BF9869B00B420FE /* Crashlytics.framework in Frameworks */,
				D9B1E76D1BF9869B00B420FE /* Fabric.framework in Frameworks */,
			);
			runOnlyForDeploymentPostprocessing = 0;
		};
/* End PBXFrameworksBuildPhase section */

/* Begin PBXGroup section */
		657222F08DC2D143C164EE01 /* Pods */ = {
			isa = PBXGroup;
			children = (
				6F8B06EC530B8CDDBF7EBFF2 /* Pods-WechatArticle.debug.xcconfig */,
				1EE109E5A0A1E50C600EB3A7 /* Pods-WechatArticle.release.xcconfig */,
			);
			name = Pods;
			sourceTree = "<group>";
		};
		8D327C367679F0FF7DCF8D57 /* Frameworks */ = {
			isa = PBXGroup;
			children = (
				D95C24661BFC2ABF00A1F892 /* StoreKit.framework */,
				D95C24641BFC2AA900A1F892 /* GameKit.framework */,
				D95C245E1BFB3F8D00A1F892 /* MessageUI.framework */,
				D95C245C1BFB3F8600A1F892 /* libsqlite3.tbd */,
				D95C245A1BFB3F7F00A1F892 /* AdSupport.framework */,
				D95C24581BFB3F7A00A1F892 /* ImageIO.framework */,
				D95C24561BFB3F6500A1F892 /* CoreText.framework */,
				D95C24541BFB3F5F00A1F892 /* libstdc++.tbd */,
				D95C24521BFB3F5800A1F892 /* JavaScriptCore.framework */,
				D95C24501BFB3F5200A1F892 /* Security.framework */,
				D95C244E1BFB3F4C00A1F892 /* libz.1.2.5.tbd */,
				D95C244C1BFB3F4100A1F892 /* libicucore.tbd */,
				D95C244A1BFB3F3600A1F892 /* CoreTelephony.framework */,
				D95C24481BFB3F2C00A1F892 /* QuartzCore.framework */,
				D95C24461BFB3F2400A1F892 /* SystemConfiguration.framework */,
				D9B1E76B1BF9869B00B420FE /* Fabric.framework */,
				D9B1E76C1BF9869B00B420FE /* Crashlytics.framework */,
				0152EBD697E91F5F41FB520C /* Pods_WechatArticle.framework */,
			);
			name = Frameworks;
			sourceTree = "<group>";
		};
		D92E0DC11BEF4C9800569DC7 = {
			isa = PBXGroup;
			children = (
				D92E0DCC1BEF4C9800569DC7 /* WechatArticle */,
				D92E0DCB1BEF4C9800569DC7 /* Products */,
				657222F08DC2D143C164EE01 /* Pods */,
				8D327C367679F0FF7DCF8D57 /* Frameworks */,
			);
			sourceTree = "<group>";
		};
		D92E0DCB1BEF4C9800569DC7 /* Products */ = {
			isa = PBXGroup;
			children = (
				D92E0DCA1BEF4C9800569DC7 /* WechatArticle.app */,
			);
			name = Products;
			sourceTree = "<group>";
		};
		D92E0DCC1BEF4C9800569DC7 /* WechatArticle */ = {
			isa = PBXGroup;
			children = (
				D99AFC761BFC56ED00CA6FA2 /* DB */,
				D95C23F61BF9F5F900A1F892 /* Extend */,
				D9B1E75C1BF4A7E700B420FE /* Transform */,
				D9ACFDDF1BF4680200775A6D /* Global */,
				D92E0E311BF33EE100569DC7 /* ViewModel */,
				D92E0E2C1BF2025300569DC7 /* Network */,
				D92E0DE51BEF6D9400569DC7 /* Library */,
				D92E0DDF1BEF645C00569DC7 /* Controller */,
				D92E0DCD1BEF4C9800569DC7 /* AppDelegate.swift */,
				D92E0DD11BEF4C9800569DC7 /* Main.storyboard */,
				D92E0DD41BEF4C9800569DC7 /* Assets.xcassets */,
				D92E0DD61BEF4C9800569DC7 /* LaunchScreen.storyboard */,
				D92E0DD91BEF4C9800569DC7 /* Info.plist */,
				D95C23F91BFA0D6500A1F892 /* Entitlements.plist */,
				D99AFC931BFC6A5C00CA6FA2 /* WechatArticle.sqlite3 */,
				D9ACFDEA1BF4774A00775A6D /* SentyMARUKO-Elementary.ttf */,
				D95C24601BFB408300A1F892 /* WechatArticle-Bridging-Header.h */,
			);
			path = WechatArticle;
			sourceTree = "<group>";
		};
		D92E0DDF1BEF645C00569DC7 /* Controller */ = {
			isa = PBXGroup;
			children = (
				D95C23FF1BFAE85A00A1F892 /* Setting */,
				D9B1E75F1BF59BB800B420FE /* Article */,
				D9ACFDEB1BF484EF00775A6D /* Catogaries */,
				D9ACFDE21BF46E3F00775A6D /* Hot(htoController暂时弃用) */,
				D92E0DE01BEF647700569DC7 /* Layout */,
			);
			path = Controller;
			sourceTree = "<group>";
		};
		D92E0DE01BEF647700569DC7 /* Layout */ = {
			isa = PBXGroup;
			children = (
				D92E0DE31BEF649C00569DC7 /* ViewController.swift */,
				D92E0DE11BEF648900569DC7 /* MenuController.swift */,
				D99AFC9F1BFC994C00CA6FA2 /* LoginController.swift */,
			);
			path = Layout;
			sourceTree = "<group>";
		};
		D92E0DE51BEF6D9400569DC7 /* Library */ = {
			isa = PBXGroup;
			children = (
				D99AFC961BFC74BB00CA6FA2 /* Sqlite */,
				D95C23D91BF9E82200A1F892 /* LiquidLoade */,
				D92E0DE61BEF6D9400569DC7 /* SlideMenuController.swift */,
			);
			path = Library;
			sourceTree = "<group>";
		};
		D92E0E2C1BF2025300569DC7 /* Network */ = {
			isa = PBXGroup;
			children = (
				D92E0E2D1BF2025300569DC7 /* Request.swift */,
				D92E0E2F1BF3392500569DC7 /* HotRequest.swift */,
				D9B1E7641BF5BC6C00B420FE /* ArticleListRequest.swift */,
			);
			path = Network;
			sourceTree = "<group>";
		};
		D92E0E311BF33EE100569DC7 /* ViewModel */ = {
			isa = PBXGroup;
			children = (
				D92E0E321BF33F0A00569DC7 /* HotViewModel.swift */,
			);
			path = ViewModel;
			sourceTree = "<group>";
		};
		D95C23D91BF9E82200A1F892 /* LiquidLoade */ = {
			isa = PBXGroup;
			children = (
				D95C23DB1BF9E82200A1F892 /* ArrayEx.swift */,
				D95C23DC1BF9E82200A1F892 /* CGPointEx.swift */,
				D95C23DD1BF9E82200A1F892 /* CGRectEx.swift */,
				D95C23DE1BF9E82200A1F892 /* CircularGradientLayer.swift */,
				D95C23DF1BF9E82200A1F892 /* LiquidCircleEffect.swift */,
				D95C23E01BF9E82200A1F892 /* LiquidLineEffect.swift */,
				D95C23E11BF9E82200A1F892 /* LiquidLoadEffect.swift */,
				D95C23E21BF9E82200A1F892 /* LiquidLoader.swift */,
				D95C23E31BF9E82200A1F892 /* LiquidUtil.swift */,
				D95C23E41BF9E82200A1F892 /* LiquittableCircle.swift */,
				D95C23E51BF9E82200A1F892 /* SimpleCircleLiquidEngine.swift */,
				D95C23E61BF9E82200A1F892 /* UIColorEx.swift */,
				D95C23E71BF9E82200A1F892 /* UIView+Grow.swift */,
			);
			path = LiquidLoade;
			sourceTree = "<group>";
		};
		D95C23F61BF9F5F900A1F892 /* Extend */ = {
			isa = PBXGroup;
			children = (
				D95C23F71BF9F61500A1F892 /* HUD+UIViewController.swift */,
				D95C23FB1BFAD65E00A1F892 /* Cus+UIColor.swift */,
				D95C23FD1BFADF3100A1F892 /* Cus+UIImageView.swift */,
				D99AFCA11BFCA5C100CA6FA2 /* SwiftCountdownButton.swift */,
				D99AFC9D1BFC76E100CA6FA2 /* Cus+NSDate.swift */,
			);
			path = Extend;
			sourceTree = "<group>";
		};
		D95C23FF1BFAE85A00A1F892 /* Setting */ = {
			isa = PBXGroup;
			children = (
				D95C24001BFAE86A00A1F892 /* SettingController.swift */,
			);
			path = Setting;
			sourceTree = "<group>";
		};
		D95C24021BFB249D00A1F892 /* Cell */ = {
			isa = PBXGroup;
			children = (
				D95C24031BFB24B900A1F892 /* ArticleListCell.swift */,
			);
			path = Cell;
			sourceTree = "<group>";
		};
		D99AFC761BFC56ED00CA6FA2 /* DB */ = {
			isa = PBXGroup;
			children = (
				D99AFC771BFC571000CA6FA2 /* HadRead.swift */,
			);
			path = DB;
			sourceTree = "<group>";
		};
		D99AFC961BFC74BB00CA6FA2 /* Sqlite */ = {
			isa = PBXGroup;
			children = (
				D99AFC9B1BFC751600CA6FA2 /* String-Extras.swift */,
				D99AFC971BFC74BB00CA6FA2 /* SQLiteDB.swift */,
				D99AFC981BFC74BB00CA6FA2 /* SQLTable.swift */,
			);
			path = Sqlite;
			sourceTree = "<group>";
		};
		D9ACFDDF1BF4680200775A6D /* Global */ = {
			isa = PBXGroup;
			children = (
				D9ACFDE01BF4680E00775A6D /* Tool.swift */,
			);
			path = Global;
			sourceTree = "<group>";
		};
		D9ACFDE21BF46E3F00775A6D /* Hot(htoController暂时弃用) */ = {
			isa = PBXGroup;
			children = (
				D9ACFDE31BF46E5500775A6D /* HotController.swift */,
				D9B1E7681BF603C300B420FE /* HotCategoryController.swift */,
			);
			name = "Hot(htoController暂时弃用)";
			path = Hot;
			sourceTree = "<group>";
		};
		D9ACFDEB1BF484EF00775A6D /* Catogaries */ = {
			isa = PBXGroup;
			children = (
				D9ACFDEC1BF4851400775A6D /* CatogariesController.swift */,
			);
			path = Catogaries;
			sourceTree = "<group>";
		};
		D9B1E75C1BF4A7E700B420FE /* Transform */ = {
			isa = PBXGroup;
			children = (
				D9B1E75D1BF4A80100B420FE /* PresentTransiton.swift */,
			);
			path = Transform;
			sourceTree = "<group>";
		};
		D9B1E75F1BF59BB800B420FE /* Article */ = {
			isa = PBXGroup;
			children = (
				D95C24021BFB249D00A1F892 /* Cell */,
				D9B1E7601BF59BC700B420FE /* ArticleController.swift */,
				D9B1E7621BF5BA3D00B420FE /* ArticleListController.swift */,
			);
			path = Article;
			sourceTree = "<group>";
		};
/* End PBXGroup section */

/* Begin PBXNativeTarget section */
		D92E0DC91BEF4C9800569DC7 /* WechatArticle */ = {
			isa = PBXNativeTarget;
			buildConfigurationList = D92E0DDC1BEF4C9800569DC7 /* Build configuration list for PBXNativeTarget "WechatArticle" */;
			buildPhases = (
				6BE2D86948C5141C635801FF /* Check Pods Manifest.lock */,
				D92E0DC61BEF4C9800569DC7 /* Sources */,
				D92E0DC71BEF4C9800569DC7 /* Frameworks */,
				D92E0DC81BEF4C9800569DC7 /* Resources */,
				2C5031E095FAA4D1F2BF35E4 /* Embed Pods Frameworks */,
				7EFC25AA14341065E46F7C1D /* Copy Pods Resources */,
				D9B1E76A1BF9867200B420FE /* ShellScript */,
			);
			buildRules = (
			);
			dependencies = (
			);
			name = WechatArticle;
			productName = WechatArticle;
			productReference = D92E0DCA1BEF4C9800569DC7 /* WechatArticle.app */;
			productType = "com.apple.product-type.application";
		};
/* End PBXNativeTarget section */

/* Begin PBXProject section */
		D92E0DC21BEF4C9800569DC7 /* Project object */ = {
			isa = PBXProject;
			attributes = {
				LastSwiftMigration = 0710;
				LastSwiftUpdateCheck = 0710;
				LastUpgradeCheck = 0710;
				ORGANIZATIONNAME = hwh;
				TargetAttributes = {
					D92E0DC91BEF4C9800569DC7 = {
						CreatedOnToolsVersion = 7.1;
						DevelopmentTeam = GW7ZRB8ABG;
						SystemCapabilities = {
							com.apple.GameCenter = {
								enabled = 1;
							};
							com.apple.InAppPurchase = {
								enabled = 1;
							};
							com.apple.Push = {
								enabled = 1;
							};
						};
					};
				};
			};
			buildConfigurationList = D92E0DC51BEF4C9800569DC7 /* Build configuration list for PBXProject "WechatArticle" */;
			compatibilityVersion = "Xcode 3.2";
			developmentRegion = English;
			hasScannedForEncodings = 0;
			knownRegions = (
				en,
				Base,
				"en-US",
				"zh-Hans-CN",
				"zh-Hans",
			);
			mainGroup = D92E0DC11BEF4C9800569DC7;
			productRefGroup = D92E0DCB1BEF4C9800569DC7 /* Products */;
			projectDirPath = "";
			projectRoot = "";
			targets = (
				D92E0DC91BEF4C9800569DC7 /* WechatArticle */,
			);
		};
/* End PBXProject section */

/* Begin PBXResourcesBuildPhase section */
		D92E0DC81BEF4C9800569DC7 /* Resources */ = {
			isa = PBXResourcesBuildPhase;
			buildActionMask = 2147483647;
			files = (
				D95C23FA1BFA0D6500A1F892 /* Entitlements.plist in Resources */,
				D92E0DD81BEF4C9800569DC7 /* LaunchScreen.storyboard in Resources */,
				D92E0DD51BEF4C9800569DC7 /* Assets.xcassets in Resources */,
				D92E0DD31BEF4C9800569DC7 /* Main.storyboard in Resources */,
				D99AFC941BFC6A5C00CA6FA2 /* WechatArticle.sqlite3 in Resources */,
			);
			runOnlyForDeploymentPostprocessing = 0;
		};
/* End PBXResourcesBuildPhase section */

/* Begin PBXShellScriptBuildPhase section */
		2C5031E095FAA4D1F2BF35E4 /* Embed Pods Frameworks */ = {
			isa = PBXShellScriptBuildPhase;
			buildActionMask = 2147483647;
			files = (
			);
			inputPaths = (
			);
			name = "Embed Pods Frameworks";
			outputPaths = (
			);
			runOnlyForDeploymentPostprocessing = 0;
			shellPath = /bin/sh;
			shellScript = "\"${SRCROOT}/Pods/Target Support Files/Pods-WechatArticle/Pods-WechatArticle-frameworks.sh\"\n";
			showEnvVarsInLog = 0;
		};
		6BE2D86948C5141C635801FF /* Check Pods Manifest.lock */ = {
			isa = PBXShellScriptBuildPhase;
			buildActionMask = 2147483647;
			files = (
			);
			inputPaths = (
			);
			name = "Check Pods Manifest.lock";
			outputPaths = (
			);
			runOnlyForDeploymentPostprocessing = 0;
			shellPath = /bin/sh;
			shellScript = "diff \"${PODS_ROOT}/../Podfile.lock\" \"${PODS_ROOT}/Manifest.lock\" > /dev/null\nif [[ $? != 0 ]] ; then\n    cat << EOM\nerror: The sandbox is not in sync with the Podfile.lock. Run 'pod install' or update your CocoaPods installation.\nEOM\n    exit 1\nfi\n";
			showEnvVarsInLog = 0;
		};
		7EFC25AA14341065E46F7C1D /* Copy Pods Resources */ = {
			isa = PBXShellScriptBuildPhase;
			buildActionMask = 2147483647;
			files = (
			);
			inputPaths = (
			);
			name = "Copy Pods Resources";
			outputPaths = (
			);
			runOnlyForDeploymentPostprocessing = 0;
			shellPath = /bin/sh;
			shellScript = "\"${SRCROOT}/Pods/Target Support Files/Pods-WechatArticle/Pods-WechatArticle-resources.sh\"\n";
			showEnvVarsInLog = 0;
		};
		D9B1E76A1BF9867200B420FE /* ShellScript */ = {
			isa = PBXShellScriptBuildPhase;
			buildActionMask = 2147483647;
			files = (
			);
			inputPaths = (
			);
			outputPaths = (
			);
			runOnlyForDeploymentPostprocessing = 0;
			shellPath = /bin/sh;
			shellScript = "./Fabric.framework/run 7b302e714d8e9158a51f5a96fbe1113a28d14e2d 839529ed6053afc5e181b7dda84434a950953bb115d9c661fca7c2f29fa8a32c";
		};
/* End PBXShellScriptBuildPhase section */

/* Begin PBXSourcesBuildPhase section */
		D92E0DC61BEF4C9800569DC7 /* Sources */ = {
			isa = PBXSourcesBuildPhase;
			buildActionMask = 2147483647;
			files = (
				D95C23F21BF9E82200A1F892 /* LiquittableCircle.swift in Sources */,
				D9B1E75E1BF4A80100B420FE /* PresentTransiton.swift in Sources */,
				D92E0DE41BEF649C00569DC7 /* ViewController.swift in Sources */,
				D95C23F41BF9E82200A1F892 /* UIColorEx.swift in Sources */,
				D95C23EA1BF9E82200A1F892 /* CGPointEx.swift in Sources */,
				D99AFC9A1BFC74BB00CA6FA2 /* SQLTable.swift in Sources */,
				D9B1E7691BF603C300B420FE /* HotCategoryController.swift in Sources */,
				D99AFCA21BFCA5C100CA6FA2 /* SwiftCountdownButton.swift in Sources */,
				D95C23F01BF9E82200A1F892 /* LiquidLoader.swift in Sources */,
				D99AFC9E1BFC76E100CA6FA2 /* Cus+NSDate.swift in Sources */,
				D95C23EB1BF9E82200A1F892 /* CGRectEx.swift in Sources */,
				D9ACFDED1BF4851400775A6D /* CatogariesController.swift in Sources */,
				D95C23ED1BF9E82200A1F892 /* LiquidCircleEffect.swift in Sources */,
				D95C23EE1BF9E82200A1F892 /* LiquidLineEffect.swift in Sources */,
				D95C23FC1BFAD65E00A1F892 /* Cus+UIColor.swift in Sources */,
				D95C23F11BF9E82200A1F892 /* LiquidUtil.swift in Sources */,
				D95C23E91BF9E82200A1F892 /* ArrayEx.swift in Sources */,
				D99AFCA01BFC994C00CA6FA2 /* LoginController.swift in Sources */,
				D92E0E2E1BF2025300569DC7 /* Request.swift in Sources */,
				D92E0DE21BEF648900569DC7 /* MenuController.swift in Sources */,
				D95C23EC1BF9E82200A1F892 /* CircularGradientLayer.swift in Sources */,
				D99AFC781BFC571000CA6FA2 /* HadRead.swift in Sources */,
				D99AFC9C1BFC751600CA6FA2 /* String-Extras.swift in Sources */,
				D9ACFDE11BF4680E00775A6D /* Tool.swift in Sources */,
				D9B1E7611BF59BC700B420FE /* ArticleController.swift in Sources */,
				D95C24041BFB24B900A1F892 /* ArticleListCell.swift in Sources */,
				D9ACFDE41BF46E5500775A6D /* HotController.swift in Sources */,
				D95C24011BFAE86A00A1F892 /* SettingController.swift in Sources */,
				D92E0E301BF3392500569DC7 /* HotRequest.swift in Sources */,
				D95C23FE1BFADF3100A1F892 /* Cus+UIImageView.swift in Sources */,
				D95C23EF1BF9E82200A1F892 /* LiquidLoadEffect.swift in Sources */,
				D92E0E331BF33F0A00569DC7 /* HotViewModel.swift in Sources */,
				D99AFC991BFC74BB00CA6FA2 /* SQLiteDB.swift in Sources */,
				D95C23F31BF9E82200A1F892 /* SimpleCircleLiquidEngine.swift in Sources */,
				D9B1E7631BF5BA3D00B420FE /* ArticleListController.swift in Sources */,
				D92E0DE71BEF6D9400569DC7 /* SlideMenuController.swift in Sources */,
				D9B1E7651BF5BC6C00B420FE /* ArticleListRequest.swift in Sources */,
				D92E0DCE1BEF4C9800569DC7 /* AppDelegate.swift in Sources */,
				D95C23F81BF9F61500A1F892 /* HUD+UIViewController.swift in Sources */,
				D95C23F51BF9E82200A1F892 /* UIView+Grow.swift in Sources */,
			);
			runOnlyForDeploymentPostprocessing = 0;
		};
/* End PBXSourcesBuildPhase section */

/* Begin PBXVariantGroup section */
		D92E0DD11BEF4C9800569DC7 /* Main.storyboard */ = {
			isa = PBXVariantGroup;
			children = (
				D92E0DD21BEF4C9800569DC7 /* Base */,
			);
			name = Main.storyboard;
			sourceTree = "<group>";
		};
		D92E0DD61BEF4C9800569DC7 /* LaunchScreen.storyboard */ = {
			isa = PBXVariantGroup;
			children = (
				D92E0DD71BEF4C9800569DC7 /* Base */,
			);
			name = LaunchScreen.storyboard;
			sourceTree = "<group>";
		};
/* End PBXVariantGroup section */

/* Begin XCBuildConfiguration section */
		D92E0DDA1BEF4C9800569DC7 /* Debug */ = {
			isa = XCBuildConfiguration;
			buildSettings = {
				ALWAYS_SEARCH_USER_PATHS = NO;
				CLANG_CXX_LANGUAGE_STANDARD = "gnu++0x";
				CLANG_CXX_LIBRARY = "libc++";
				CLANG_ENABLE_MODULES = YES;
				CLANG_ENABLE_OBJC_ARC = YES;
				CLANG_WARN_BOOL_CONVERSION = YES;
				CLANG_WARN_CONSTANT_CONVERSION = YES;
				CLANG_WARN_DIRECT_OBJC_ISA_USAGE = YES_ERROR;
				CLANG_WARN_EMPTY_BODY = YES;
				CLANG_WARN_ENUM_CONVERSION = YES;
				CLANG_WARN_INT_CONVERSION = YES;
				CLANG_WARN_OBJC_ROOT_CLASS = YES_ERROR;
				CLANG_WARN_UNREACHABLE_CODE = YES;
				CLANG_WARN__DUPLICATE_METHOD_MATCH = YES;
				CODE_SIGN_IDENTITY = "iPhone Distribution: Jiabin Li (GW7ZRB8ABG)";
				"CODE_SIGN_IDENTITY[sdk=iphoneos*]" = "iPhone Distribution: Jiabin Li (GW7ZRB8ABG)";
				COPY_PHASE_STRIP = NO;
				DEBUG_INFORMATION_FORMAT = dwarf;
				ENABLE_STRICT_OBJC_MSGSEND = YES;
				ENABLE_TESTABILITY = YES;
				GCC_C_LANGUAGE_STANDARD = gnu99;
				GCC_DYNAMIC_NO_PIC = NO;
				GCC_NO_COMMON_BLOCKS = YES;
				GCC_OPTIMIZATION_LEVEL = 0;
				GCC_PREPROCESSOR_DEFINITIONS = (
					"DEBUG=1",
					"$(inherited)",
				);
				GCC_WARN_64_TO_32_BIT_CONVERSION = YES;
				GCC_WARN_ABOUT_RETURN_TYPE = YES_ERROR;
				GCC_WARN_UNDECLARED_SELECTOR = YES;
				GCC_WARN_UNINITIALIZED_AUTOS = YES_AGGRESSIVE;
				GCC_WARN_UNUSED_FUNCTION = YES;
				GCC_WARN_UNUSED_VARIABLE = YES;
				IPHONEOS_DEPLOYMENT_TARGET = 8.0;
				MTL_ENABLE_DEBUG_INFO = YES;
				ONLY_ACTIVE_ARCH = YES;
				PROVISIONING_PROFILE = "87442230-b81a-4f99-8f35-11868f582da9";
				SDKROOT = iphoneos;
				SWIFT_OPTIMIZATION_LEVEL = "-Onone";
			};
			name = Debug;
		};
		D92E0DDB1BEF4C9800569DC7 /* Release */ = {
			isa = XCBuildConfiguration;
			buildSettings = {
				ALWAYS_SEARCH_USER_PATHS = NO;
				CLANG_CXX_LANGUAGE_STANDARD = "gnu++0x";
				CLANG_CXX_LIBRARY = "libc++";
				CLANG_ENABLE_MODULES = YES;
				CLANG_ENABLE_OBJC_ARC = YES;
				CLANG_WARN_BOOL_CONVERSION = YES;
				CLANG_WARN_CONSTANT_CONVERSION = YES;
				CLANG_WARN_DIRECT_OBJC_ISA_USAGE = YES_ERROR;
				CLANG_WARN_EMPTY_BODY = YES;
				CLANG_WARN_ENUM_CONVERSION = YES;
				CLANG_WARN_INT_CONVERSION = YES;
				CLANG_WARN_OBJC_ROOT_CLASS = YES_ERROR;
				CLANG_WARN_UNREACHABLE_CODE = YES;
				CLANG_WARN__DUPLICATE_METHOD_MATCH = YES;
				CODE_SIGN_IDENTITY = "iPhone Distribution: Jiabin Li (GW7ZRB8ABG)";
				"CODE_SIGN_IDENTITY[sdk=iphoneos*]" = "iPhone Distribution: Jiabin Li (GW7ZRB8ABG)";
				COPY_PHASE_STRIP = NO;
				DEBUG_INFORMATION_FORMAT = "dwarf-with-dsym";
				ENABLE_NS_ASSERTIONS = NO;
				ENABLE_STRICT_OBJC_MSGSEND = YES;
				GCC_C_LANGUAGE_STANDARD = gnu99;
				GCC_NO_COMMON_BLOCKS = YES;
				GCC_WARN_64_TO_32_BIT_CONVERSION = YES;
				GCC_WARN_ABOUT_RETURN_TYPE = YES_ERROR;
				GCC_WARN_UNDECLARED_SELECTOR = YES;
				GCC_WARN_UNINITIALIZED_AUTOS = YES_AGGRESSIVE;
				GCC_WARN_UNUSED_FUNCTION = YES;
				GCC_WARN_UNUSED_VARIABLE = YES;
				IPHONEOS_DEPLOYMENT_TARGET = 8.0;
				MTL_ENABLE_DEBUG_INFO = NO;
				PROVISIONING_PROFILE = "87442230-b81a-4f99-8f35-11868f582da9";
				SDKROOT = iphoneos;
				VALIDATE_PRODUCT = YES;
			};
			name = Release;
		};
		D92E0DDD1BEF4C9800569DC7 /* Debug */ = {
			isa = XCBuildConfiguration;
			baseConfigurationReference = 6F8B06EC530B8CDDBF7EBFF2 /* Pods-WechatArticle.debug.xcconfig */;
			buildSettings = {
				ASSETCATALOG_COMPILER_APPICON_NAME = AppIcon;
				CLANG_ENABLE_MODULES = YES;
				CODE_SIGN_ENTITLEMENTS = "";
				CODE_SIGN_IDENTITY = "iPhone Developer";
				"CODE_SIGN_IDENTITY[sdk=iphoneos*]" = "iPhone Distribution: Jiabin Li (GW7ZRB8ABG)";
				ENABLE_BITCODE = NO;
				FRAMEWORK_SEARCH_PATHS = (
					"$(inherited)",
					"$(PROJECT_DIR)/WechatArticle/Library/ReactiveCocoa/build/Debug-iphoneos",
					"$(PROJECT_DIR)/WechatArticle/Library/ReactiveCocoa/Carthage/Checkouts/Result/build/Debug-iphoneos",
					"$(PROJECT_DIR)",
					"$(PROJECT_DIR)/WechatArticle/Library/ShareSDK/Connection",
					"$(PROJECT_DIR)/WechatArticle/Library/ShareSDK/Core",
					"$(PROJECT_DIR)/WechatArticle/Library/ShareSDK/Extend/QQConnectSDK",
					"$(PROJECT_DIR)/WechatArticle/Library/ShareSDK",
					"$(PROJECT_DIR)/WechatArticle/Library/ShareSDK/UI",
				);
				INFOPLIST_FILE = WechatArticle/Info.plist;
				IPHONEOS_DEPLOYMENT_TARGET = 8.0;
				LD_RUNPATH_SEARCH_PATHS = "$(inherited) @executable_path/Frameworks";
				LIBRARY_SEARCH_PATHS = (
					"$(inherited)",
					"$(PROJECT_DIR)/WechatArticle/Library/ShareSDK/Extend/SinaWeiboSDK",
					"$(PROJECT_DIR)/WechatArticle/Library/ShareSDK/Extend/WeChatSDK",
				);
				OTHER_SWIFT_FLAGS = "$(inherited) \"-D\" \"COCOAPODS\" -D DEBUG";
				PRODUCT_BUNDLE_IDENTIFIER = com.hwh.WechatArticles;
				PRODUCT_NAME = "$(TARGET_NAME)";
				PROVISIONING_PROFILE = "87442230-b81a-4f99-8f35-11868f582da9";
				SWIFT_OBJC_BRIDGING_HEADER = "WechatArticle/WechatArticle-Bridging-Header.h";
				SWIFT_OPTIMIZATION_LEVEL = "-Onone";
			};
			name = Debug;
		};
		D92E0DDE1BEF4C9800569DC7 /* Release */ = {
			isa = XCBuildConfiguration;
			baseConfigurationReference = 1EE109E5A0A1E50C600EB3A7 /* Pods-WechatArticle.release.xcconfig */;
			buildSettings = {
				ASSETCATALOG_COMPILER_APPICON_NAME = AppIcon;
				CLANG_ENABLE_MODULES = YES;
				CODE_SIGN_ENTITLEMENTS = "";
				CODE_SIGN_IDENTITY = "iPhone Developer";
				"CODE_SIGN_IDENTITY[sdk=iphoneos*]" = "iPhone Distribution: Jiabin Li (GW7ZRB8ABG)";
				ENABLE_BITCODE = NO;
				FRAMEWORK_SEARCH_PATHS = (
					"$(inherited)",
					"$(PROJECT_DIR)/WechatArticle/Library/ReactiveCocoa/build/Debug-iphoneos",
					"$(PROJECT_DIR)/WechatArticle/Library/ReactiveCocoa/Carthage/Checkouts/Result/build/Debug-iphoneos",
					"$(PROJECT_DIR)",
					"$(PROJECT_DIR)/WechatArticle/Library/ShareSDK/Connection",
					"$(PROJECT_DIR)/WechatArticle/Library/ShareSDK/Core",
					"$(PROJECT_DIR)/WechatArticle/Library/ShareSDK/Extend/QQConnectSDK",
					"$(PROJECT_DIR)/WechatArticle/Library/ShareSDK",
					"$(PROJECT_DIR)/WechatArticle/Library/ShareSDK/UI",
				);
				INFOPLIST_FILE = WechatArticle/Info.plist;
				IPHONEOS_DEPLOYMENT_TARGET = 8.0;
				LD_RUNPATH_SEARCH_PATHS = "$(inherited) @executable_path/Frameworks";
				LIBRARY_SEARCH_PATHS = (
					"$(inherited)",
					"$(PROJECT_DIR)/WechatArticle/Library/ShareSDK/Extend/SinaWeiboSDK",
					"$(PROJECT_DIR)/WechatArticle/Library/ShareSDK/Extend/WeChatSDK",
				);
				OTHER_SWIFT_FLAGS = "$(inherited) \"-D\" \"COCOAPODS\" -D DEBUG";
				PRODUCT_BUNDLE_IDENTIFIER = com.hwh.WechatArticles;
				PRODUCT_NAME = "$(TARGET_NAME)";
				PROVISIONING_PROFILE = "87442230-b81a-4f99-8f35-11868f582da9";
				SWIFT_OBJC_BRIDGING_HEADER = "WechatArticle/WechatArticle-Bridging-Header.h";
			};
			name = Release;
		};
/* End XCBuildConfiguration section */

/* Begin XCConfigurationList section */
		D92E0DC51BEF4C9800569DC7 /* Build configuration list for PBXProject "WechatArticle" */ = {
			isa = XCConfigurationList;
			buildConfigurations = (
				D92E0DDA1BEF4C9800569DC7 /* Debug */,
				D92E0DDB1BEF4C9800569DC7 /* Release */,
			);
			defaultConfigurationIsVisible = 0;
			defaultConfigurationName = Release;
		};
		D92E0DDC1BEF4C9800569DC7 /* Build configuration list for PBXNativeTarget "WechatArticle" */ = {
			isa = XCConfigurationList;
			buildConfigurations = (
				D92E0DDD1BEF4C9800569DC7 /* Debug */,
				D92E0DDE1BEF4C9800569DC7 /* Release */,
			);
			defaultConfigurationIsVisible = 0;
			defaultConfigurationName = Release;
		};
/* End XCConfigurationList section */
	};
	rootObject = D92E0DC21BEF4C9800569DC7 /* Project object */;
}
